{
  "version": 4,
  "terraform_version": "0.12.6",
  "serial": 29,
  "lineage": "95b4faa8-4f58-ad67-b439-adab09d44aef",
  "outputs": {
    "mdb_external_ip": {
      "value": "35.246.204.122",
      "type": "string"
    },
    "mdb_internal_ip": {
      "value": "10.156.0.12",
      "type": "string"
    },
    "mweb_external_ip": {
      "value": "35.198.85.114",
      "type": "string"
    },
    "mweb_internal_ip": {
      "value": "10.156.0.11",
      "type": "string"
    }
  },
  "resources": [
    {
      "mode": "managed",
      "type": "google_compute_firewall",
      "name": "allow-http",
      "provider": "provider.google",
      "instances": [
        {
          "schema_version": 1,
          "attributes": {
            "allow": [
              {
                "ports": [
                  "80",
                  "443"
                ],
                "protocol": "tcp"
              },
              {
                "ports": [],
                "protocol": "icmp"
              }
            ],
            "creation_timestamp": "2019-08-14T07:18:57.520-07:00",
            "deny": [],
            "description": "",
            "destination_ranges": [],
            "direction": "INGRESS",
            "disabled": false,
            "id": "web-firewall",
            "name": "web-firewall",
            "network": "https://www.googleapis.com/compute/v1/projects/devops-248910/global/networks/default",
            "priority": 1000,
            "project": "devops-248910",
            "self_link": "https://www.googleapis.com/compute/v1/projects/devops-248910/global/firewalls/web-firewall",
            "source_ranges": [
              "0.0.0.0/0"
            ],
            "source_service_accounts": null,
            "source_tags": null,
            "target_service_accounts": null,
            "target_tags": [
              "mweb"
            ],
            "timeouts": null
          },
          "private": "eyJlMmJmYjczMC1lY2FhLTExZTYtOGY4OC0zNDM2M2JjN2M0YzAiOnsiY3JlYXRlIjoyNDAwMDAwMDAwMDAsImRlbGV0ZSI6MjQwMDAwMDAwMDAwLCJ1cGRhdGUiOjI0MDAwMDAwMDAwMH0sInNjaGVtYV92ZXJzaW9uIjoiMSJ9"
        }
      ]
    },
    {
      "mode": "managed",
      "type": "google_compute_firewall",
      "name": "allow-ssh",
      "provider": "provider.google",
      "instances": [
        {
          "schema_version": 1,
          "attributes": {
            "allow": [
              {
                "ports": [
                  "3306",
                  "22"
                ],
                "protocol": "tcp"
              },
              {
                "ports": [],
                "protocol": "icmp"
              }
            ],
            "creation_timestamp": "2019-08-14T07:18:57.484-07:00",
            "deny": [],
            "description": "",
            "destination_ranges": [],
            "direction": "INGRESS",
            "disabled": false,
            "id": "ssh-firewall",
            "name": "ssh-firewall",
            "network": "https://www.googleapis.com/compute/v1/projects/devops-248910/global/networks/default",
            "priority": 1000,
            "project": "devops-248910",
            "self_link": "https://www.googleapis.com/compute/v1/projects/devops-248910/global/firewalls/ssh-firewall",
            "source_ranges": [
              "0.0.0.0/0"
            ],
            "source_service_accounts": null,
            "source_tags": null,
            "target_service_accounts": null,
            "target_tags": [
              "mdb",
              "mweb"
            ],
            "timeouts": null
          },
          "private": "eyJlMmJmYjczMC1lY2FhLTExZTYtOGY4OC0zNDM2M2JjN2M0YzAiOnsiY3JlYXRlIjoyNDAwMDAwMDAwMDAsImRlbGV0ZSI6MjQwMDAwMDAwMDAwLCJ1cGRhdGUiOjI0MDAwMDAwMDAwMH0sInNjaGVtYV92ZXJzaW9uIjoiMSJ9"
        }
      ]
    },
    {
      "mode": "managed",
      "type": "google_compute_instance",
      "name": "mdb",
      "provider": "provider.google",
      "instances": [
        {
          "schema_version": 6,
          "attributes": {
            "allow_stopping_for_update": null,
            "attached_disk": [],
            "boot_disk": [
              {
                "auto_delete": true,
                "device_name": "persistent-disk-0",
                "disk_encryption_key_raw": "",
                "disk_encryption_key_sha256": "",
                "initialize_params": [
                  {
                    "image": "https://www.googleapis.com/compute/v1/projects/centos-cloud/global/images/centos-7-v20190729",
                    "labels": {},
                    "size": 10,
                    "type": "pd-standard"
                  }
                ],
                "kms_key_self_link": "",
                "source": "https://www.googleapis.com/compute/v1/projects/devops-248910/zones/europe-west3-a/disks/mdb"
              }
            ],
            "can_ip_forward": false,
            "cpu_platform": "Intel Broadwell",
            "deletion_protection": false,
            "description": null,
            "disk": [],
            "guest_accelerator": [],
            "hostname": "",
            "id": "mdb",
            "instance_id": "1047837156170114748",
            "label_fingerprint": "42WmSpB8rSM=",
            "labels": null,
            "machine_type": "f1-micro",
            "metadata": {
              "ssh-keys": "yarko:ssh-rsa AAAAB3NzaC1yc2EAAAADAQABAAABAQCtmSPYZ/oGytsKZ0aaA9oUa1z6wToobufB8qAkIE0ceftWRjRGO/1E+22OmPij5bKkcniEmCFITsrxP7r83+FdDc0w1xCdOOtpeJMzymDaYR6+l55WXH7dFzOqOC/iBXLMteViiaKf2eaGBHtvahZocw2AYzruH3ZFUclGrERoL5d4Mb4mq7gSUWO4QqwsP/vGnn4NSyCodgIHhxKUq1ixlbScqxhmzpqwz60JcrNLzPmP+IzkjhLe+RG4rg2LEFLUXuFzNRmBetkhaUiu0xVf2BCRyIO3XtNV1t8JqbaB1YcbfntmewY2pFGmiAWgN1uwnSEM8RB+qQcK4H5nlnEH yaroslav@yaroslav-X441SC\n"
            },
            "metadata_fingerprint": "WSUAq_yPG7A=",
            "metadata_startup_script": "",
            "min_cpu_platform": "",
            "name": "mdb",
            "network_interface": [
              {
                "access_config": [
                  {
                    "assigned_nat_ip": "",
                    "nat_ip": "35.246.204.122",
                    "network_tier": "PREMIUM",
                    "public_ptr_domain_name": ""
                  }
                ],
                "address": "",
                "alias_ip_range": [],
                "name": "nic0",
                "network": "https://www.googleapis.com/compute/v1/projects/devops-248910/global/networks/default",
                "network_ip": "10.156.0.12",
                "subnetwork": "https://www.googleapis.com/compute/v1/projects/devops-248910/regions/europe-west3/subnetworks/default",
                "subnetwork_project": "devops-248910"
              }
            ],
            "project": "devops-248910",
            "scheduling": [
              {
                "automatic_restart": true,
                "node_affinities": [],
                "on_host_maintenance": "MIGRATE",
                "preemptible": false
              }
            ],
            "scratch_disk": [],
            "self_link": "https://www.googleapis.com/compute/v1/projects/devops-248910/zones/europe-west3-a/instances/mdb",
            "service_account": [],
            "shielded_instance_config": [],
            "tags": [
              "mdb"
            ],
            "tags_fingerprint": "bpND4bTXdkU=",
            "timeouts": null,
            "zone": "europe-west3-a"
          },
          "private": "eyJlMmJmYjczMC1lY2FhLTExZTYtOGY4OC0zNDM2M2JjN2M0YzAiOnsiY3JlYXRlIjoxMjAwMDAwMDAwMDAwLCJkZWxldGUiOjEyMDAwMDAwMDAwMDAsInVwZGF0ZSI6MTIwMDAwMDAwMDAwMH0sInNjaGVtYV92ZXJzaW9uIjoiNiJ9"
        }
      ]
    },
    {
      "mode": "managed",
      "type": "google_compute_instance",
      "name": "mweb",
      "provider": "provider.google",
      "instances": [
        {
          "schema_version": 6,
          "attributes": {
            "allow_stopping_for_update": null,
            "attached_disk": [],
            "boot_disk": [
              {
                "auto_delete": true,
                "device_name": "persistent-disk-0",
                "disk_encryption_key_raw": "",
                "disk_encryption_key_sha256": "",
                "initialize_params": [
                  {
                    "image": "https://www.googleapis.com/compute/v1/projects/centos-cloud/global/images/centos-7-v20190729",
                    "labels": {},
                    "size": 10,
                    "type": "pd-standard"
                  }
                ],
                "kms_key_self_link": "",
                "source": "https://www.googleapis.com/compute/v1/projects/devops-248910/zones/europe-west3-a/disks/mweb"
              }
            ],
            "can_ip_forward": false,
            "cpu_platform": "Intel Broadwell",
            "deletion_protection": false,
            "description": null,
            "disk": [],
            "guest_accelerator": [],
            "hostname": "",
            "id": "mweb",
            "instance_id": "6927509743577179836",
            "label_fingerprint": "42WmSpB8rSM=",
            "labels": null,
            "machine_type": "f1-micro",
            "metadata": {
              "ssh-keys": "yarko:ssh-rsa AAAAB3NzaC1yc2EAAAADAQABAAABAQCtmSPYZ/oGytsKZ0aaA9oUa1z6wToobufB8qAkIE0ceftWRjRGO/1E+22OmPij5bKkcniEmCFITsrxP7r83+FdDc0w1xCdOOtpeJMzymDaYR6+l55WXH7dFzOqOC/iBXLMteViiaKf2eaGBHtvahZocw2AYzruH3ZFUclGrERoL5d4Mb4mq7gSUWO4QqwsP/vGnn4NSyCodgIHhxKUq1ixlbScqxhmzpqwz60JcrNLzPmP+IzkjhLe+RG4rg2LEFLUXuFzNRmBetkhaUiu0xVf2BCRyIO3XtNV1t8JqbaB1YcbfntmewY2pFGmiAWgN1uwnSEM8RB+qQcK4H5nlnEH yaroslav@yaroslav-X441SC\n"
            },
            "metadata_fingerprint": "WSUAq_yPG7A=",
            "metadata_startup_script": "",
            "min_cpu_platform": "",
            "name": "mweb",
            "network_interface": [
              {
                "access_config": [
                  {
                    "assigned_nat_ip": "",
                    "nat_ip": "35.198.85.114",
                    "network_tier": "PREMIUM",
                    "public_ptr_domain_name": ""
                  }
                ],
                "address": "",
                "alias_ip_range": [],
                "name": "nic0",
                "network": "https://www.googleapis.com/compute/v1/projects/devops-248910/global/networks/default",
                "network_ip": "10.156.0.11",
                "subnetwork": "https://www.googleapis.com/compute/v1/projects/devops-248910/regions/europe-west3/subnetworks/default",
                "subnetwork_project": "devops-248910"
              }
            ],
            "project": "devops-248910",
            "scheduling": [
              {
                "automatic_restart": true,
                "node_affinities": [],
                "on_host_maintenance": "MIGRATE",
                "preemptible": false
              }
            ],
            "scratch_disk": [],
            "self_link": "https://www.googleapis.com/compute/v1/projects/devops-248910/zones/europe-west3-a/instances/mweb",
            "service_account": [],
            "shielded_instance_config": [],
            "tags": [
              "mweb"
            ],
            "tags_fingerprint": "p8m8-u7pODY=",
            "timeouts": null,
            "zone": "europe-west3-a"
          },
          "private": "eyJlMmJmYjczMC1lY2FhLTExZTYtOGY4OC0zNDM2M2JjN2M0YzAiOnsiY3JlYXRlIjoxMjAwMDAwMDAwMDAwLCJkZWxldGUiOjEyMDAwMDAwMDAwMDAsInVwZGF0ZSI6MTIwMDAwMDAwMDAwMH0sInNjaGVtYV92ZXJzaW9uIjoiNiJ9"
        }
      ]
    },
    {
      "mode": "managed",
      "type": "null_resource",
      "name": "db_prov",
      "provider": "provider.null",
      "instances": [
        {
          "schema_version": 0,
          "attributes": {
            "id": "7758435310061979484",
            "triggers": null
          },
          "private": "bnVsbA==",
          "depends_on": [
            "google_compute_instance.mdb",
            "google_compute_instance.mweb"
          ]
        }
      ]
    },
    {
      "mode": "managed",
      "type": "null_resource",
      "name": "web_prov",
      "provider": "provider.null",
      "instances": [
        {
          "schema_version": 0,
          "attributes": {
            "id": "1041327060479720613",
            "triggers": null
          },
          "private": "bnVsbA==",
          "depends_on": [
            "google_compute_instance.mdb",
            "google_compute_instance.mweb",
            "null_resource.db_prov"
          ]
        }
      ]
    }
  ]
}
